{
  "name": "scroll-video",
  "version": "1.0.0",
  "lockfileVersion": 1,
  "requires": true,
  "dependencies": {
    "animation-util": {
      "version": "1.0.10",
      "resolved": "https://registry.npm.taobao.org/animation-util/download/animation-util-1.0.10.tgz",
      "integrity": "sha1-1wa+vyGRisdsL9Sgs7n5NhcT/Oo=",
      "requires": {
        "object-assign": "^4.1.1"
      }
    },
    "bindingx-parser": {
      "version": "0.0.3",
      "resolved": "https://registry.npm.taobao.org/bindingx-parser/download/bindingx-parser-0.0.3.tgz",
      "integrity": "sha1-sV6bVhFcOZFGqlbjqW+sNAmCl60="
    },
    "bindingx-web-polyfill": {
      "version": "0.1.18",
      "resolved": "https://registry.npm.taobao.org/bindingx-web-polyfill/download/bindingx-web-polyfill-0.1.18.tgz",
      "integrity": "sha1-RTG87woseAcxudCg9lGAcQnygnA=",
      "requires": {
        "animation-util": "^1.0.10",
        "object-assign": "^4.1.1",
        "simple-lodash": "^0.0.3"
      },
      "dependencies": {
        "simple-lodash": {
          "version": "0.0.3",
          "resolved": "https://registry.npm.taobao.org/simple-lodash/download/simple-lodash-0.0.3.tgz",
          "integrity": "sha1-YSrhwF9pCEgdjDQuy+NmPSN5QeA="
        }
      }
    },
    "object-assign": {
      "version": "4.1.1",
      "resolved": "http://registry.npm.taobao.org/object-assign/download/object-assign-4.1.1.tgz",
      "integrity": "sha1-IQmtx5ZYh8/AXLvUQsrIv7s2CGM="
    },
    "simple-lodash": {
      "version": "0.0.2",
      "resolved": "https://registry.npm.taobao.org/simple-lodash/download/simple-lodash-0.0.2.tgz",
      "integrity": "sha1-2OtKYOmWpVClwa3ajvu3YpiSRrE="
    },
    "universal-env": {
      "version": "0.6.6",
      "resolved": "https://registry.npm.taobao.org/universal-env/download/universal-env-0.6.6.tgz",
      "integrity": "sha1-3VrfgWqOw+kI1ISOFxTf4w3YqXA="
    },
    "weex-bindingx": {
      "version": "0.0.49",
      "resolved": "https://registry.npm.taobao.org/weex-bindingx/download/weex-bindingx-0.0.49.tgz",
      "integrity": "sha1-h4/LcX+2oifA+NQJi6HhPT4EYJQ=",
      "requires": {
        "bindingx-parser": "0.x.x",
        "bindingx-web-polyfill": "0.x.x",
        "object-assign": "^4.1.1",
        "simple-lodash": "^0.0.2",
        "universal-env": "0.x.x"
      }
    }
  }
}
